
Microsoft Visual Studio Solution File, Format Version 12.00
# Visual Studio Version 17
VisualStudioVersion = 17.5.2.0
MinimumVisualStudioVersion = 10.0.40219.1
Project("{FAE04EC0-301F-11D3-BF4B-00C04F79EFBC}") = "appCaféNet", "appCaféNet\appCaféNet.csproj", "{D0C5F812-7AC7-DBDB-E925-2F61EA19A779}"
EndProject
Global
	GlobalSection(SolutionConfigurationPlatforms) = preSolution
		Debug|Any CPU = Debug|Any CPU
		Release|Any CPU = Release|Any CPU
	EndGlobalSection
	GlobalSection(ProjectConfigurationPlatforms) = postSolution
		{D0C5F812-7AC7-DBDB-E925-2F61EA19A779}.Debug|Any CPU.ActiveCfg = Debug|Any CPU
		{D0C5F812-7AC7-DBDB-E925-2F61EA19A779}.Debug|Any CPU.Build.0 = Debug|Any CPU
		{D0C5F812-7AC7-DBDB-E925-2F61EA19A779}.Release|Any CPU.ActiveCfg = Release|Any CPU
		{D0C5F812-7AC7-DBDB-E925-2F61EA19A779}.Release|Any CPU.Build.0 = Release|Any CPU
	EndGlobalSection
	GlobalSection(SolutionProperties) = preSolution
		HideSolutionNode = FALSE
	EndGlobalSection
	GlobalSection(ExtensibilityGlobals) = postSolution
		SolutionGuid = {430268E3-CF48-4BE8-B139-D79F20EBF648}
	EndGlobalSection
EndGlobal
